lockfileVersion: '6.0'

dependencies:
  '@lit/reactive-element':
    specifier: ^1.0.0
    version: 1.0.0
  lit:
    specifier: ^2.0.0
    version: 2.0.0
  lit-element:
    specifier: ^3.0.0
    version: 3.0.0
  lit-html:
    specifier: ^2.0.0
    version: 2.0.0

packages:

  /@lit/reactive-element@1.0.0:
    resolution: {integrity: sha512-Kpgenb8UNFsKCsFhggiVvUkCbcFQSd6N8hffYEEGjz27/4rw3cTSsmP9t3q1EHOAsdum60Wo64HvuZDFpEwexA==}
    dev: false

  /@types/trusted-types@2.0.3:
    resolution: {integrity: sha512-NfQ4gyz38SL8sDNrSixxU2Os1a5xcdFxipAFxYEuLUlvU2uDwS4NUpsImcf1//SlWItCVMMLiylsxbmNMToV/g==}
    dev: false

  /lit-element@3.0.0:
    resolution: {integrity: sha512-oPqRhhBBhs+AlI62QLwtWQNU/bNK/h2L1jI3IDroqZubo6XVAkyNy2dW3CRfjij8mrNlY7wULOfyyKKOnfEePA==}
    dependencies:
      '@lit/reactive-element': 1.0.0
      lit-html: 2.0.0
    dev: false

  /lit-html@2.0.0:
    resolution: {integrity: sha512-tJsCapCmc0vtLj6harqd6HfCxnlt/RSkgowtz4SC9dFE3nSL38Tb33I5HMDiyJsRjQZRTgpVsahrnDrR9wg27w==}
    dependencies:
      '@types/trusted-types': 2.0.3
    dev: false

  /lit@2.0.0:
    resolution: {integrity: sha512-pqi5O/wVzQ9Bn4ERRoYQlt1EAUWyY5Wv888vzpoArbtChc+zfUv1XohRqSdtQZYCogl0eHKd+MQwymg2XJfECg==}
    dependencies:
      '@lit/reactive-element': 1.0.0
      lit-element: 3.0.0
      lit-html: 2.0.0
    dev: false
